%{"combine": {:hex, :combine, "0.10.0", "eff8224eeb56498a2af13011d142c5e7997a80c8f5b97c499f84c841032e429f", [], [], "hexpm"},
  "earmark": {:hex, :earmark, "1.2.3", "206eb2e2ac1a794aa5256f3982de7a76bf4579ff91cb28d0e17ea2c9491e46a4", [], [], "hexpm"},
  "ex_doc": {:git, "https://github.com/elixir-lang/ex_doc.git", "ea561cab4dc8d873a3effed8f76f25515e77ac9a", []},
  "excoveralls": {:hex, :excoveralls, "0.3.8", "3f42229121acbf66f06afcd82f3ce4724d162d7fc5edaf446d628b02ccf975e1", [], [{:exjsx, "~> 3.0", [hex: :exjsx, repo: "hexpm", optional: false]}, {:hackney, ">= 0.12.0", [hex: :hackney, repo: "hexpm", optional: false]}], "hexpm"},
  "exjsx": {:hex, :exjsx, "3.1.0", "d419162cb2d5be80070835c2c2b8c78c8c45907706c991d23f3750dae506d1e9", [], [{:jsx, "~> 2.4.0", [hex: :jsx, repo: "hexpm", optional: false]}], "hexpm"},
  "gettext": {:hex, :gettext, "0.13.1", "5e0daf4e7636d771c4c71ad5f3f53ba09a9ae5c250e1ab9c42ba9edccc476263", [], [], "hexpm"},
  "hackney": {:hex, :hackney, "1.0.6", "edfabd6f03d7bb2aa224a438b2bd6295faf6df5fd3aeafad7a78cdae41252cde", [], [{:idna, "1.0.2", [hex: :idna, repo: "hexpm", optional: false]}, {:ssl_verify_hostname, "1.0.1", [hex: :ssl_verify_hostname, repo: "hexpm", optional: false]}], "hexpm"},
  "idna": {:hex, :idna, "1.0.2", "397e3d001c002319da75759b0a81156bf11849c71d565162436d50020cb7265e", [], [], "hexpm"},
  "inflex": {:hex, :inflex, "1.0.0", "da56d5d6446c66730fa08a3d4db03b224787ab3e5c47cb2a1119e92f8af5d560", [], [], "hexpm"},
  "jsx": {:hex, :jsx, "2.4.0", "fb83830ac15e981b6ce310b645324ceecd01b1e0847d23921c33df829de5d2db", [], [], "hexpm"},
  "radpath": {:hex, :radpath, "0.0.5", "b7171a82a791757b1feb416307eba64f3974f672e503561ce5d6f77f992ba971", [], [{:excoveralls, "~> 0.3", [hex: :excoveralls, repo: "hexpm", optional: false]}], "hexpm"},
  "ssl_verify_hostname": {:hex, :ssl_verify_hostname, "1.0.1", "e6ef428c350d1b7e9c534c0929caae1ecb47c22f88cbbb880e07e46918380cc5", [], [], "hexpm"},
  "tempfile": {:git, "https://github.com/lowks/tempfile.git", "c076978da38536fba89fb9ec9db6067b31b32120", []},
  "timex": {:hex, :timex, "3.1.24", "d198ae9783ac807721cca0c5535384ebdf99da4976be8cefb9665a9262a1e9e3", [:mix], [{:combine, "~> 0.7", [hex: :combine, repo: "hexpm", optional: false]}, {:gettext, "~> 0.10", [hex: :gettext, repo: "hexpm", optional: false]}, {:tzdata, "~> 0.1.8 or ~> 0.5", [hex: :tzdata, repo: "hexpm", optional: false]}], "hexpm"},
  "tzdata": {:hex, :tzdata, "0.5.12", "1c17b68692c6ba5b6ab15db3d64cc8baa0f182043d5ae9d4b6d35d70af76f67b", [], [{:hackney, "~> 1.0", [hex: :hackney, repo: "hexpm", optional: false]}], "hexpm"}}
